// !$*UTF8*$!
{
	archiveVersion = 1;
	classes = {
	};
	objectVersion = 52;
	objects = {

/* Begin PBXBuildFile section */
		0A06A07226164A690027DEBE /* ObjectMapper in Frameworks */ = {isa = PBXBuildFile; productRef = 0A06A07126164A690027DEBE /* ObjectMapper */; };
		0A06A0FF261780200027DEBE /* JobsPresenter.swift in Sources */ = {isa = PBXBuildFile; fileRef = 0A06A0FE261780200027DEBE /* JobsPresenter.swift */; };
		0A06A1092617A55E0027DEBE /* JobCell.swift in Sources */ = {isa = PBXBuildFile; fileRef = 0A06A1082617A55E0027DEBE /* JobCell.swift */; };
		0A06A11F2617ACC60027DEBE /* RxViewController.swift in Sources */ = {isa = PBXBuildFile; fileRef = 0A06A11E2617ACC60027DEBE /* RxViewController.swift */; };
		0A06A1232617B7FE0027DEBE /* RxBase.swift in Sources */ = {isa = PBXBuildFile; fileRef = 0A06A1222617B7FE0027DEBE /* RxBase.swift */; };
		0A06A1272618410B0027DEBE /* DataBase.swift in Sources */ = {isa = PBXBuildFile; fileRef = 0A06A1262618410B0027DEBE /* DataBase.swift */; };
		0A06A1312618481A0027DEBE /* Assembly.swift in Sources */ = {isa = PBXBuildFile; fileRef = 0A06A1302618481A0027DEBE /* Assembly.swift */; };
		0A06A1362618509E0027DEBE /* JobCellPresenter.swift in Sources */ = {isa = PBXBuildFile; fileRef = 0A06A1352618509E0027DEBE /* JobCellPresenter.swift */; };
		0A06A13A26186AF50027DEBE /* String+HTMLClean.swift in Sources */ = {isa = PBXBuildFile; fileRef = 0A06A13926186AF50027DEBE /* String+HTMLClean.swift */; };
		0A06A13F26186C760027DEBE /* JobDetailsViewController.swift in Sources */ = {isa = PBXBuildFile; fileRef = 0A06A13E26186C760027DEBE /* JobDetailsViewController.swift */; };
		0A06A14426186D6D0027DEBE /* JobDetailsPresenter.swift in Sources */ = {isa = PBXBuildFile; fileRef = 0A06A14326186D6D0027DEBE /* JobDetailsPresenter.swift */; };
		0A610BF62618DF2C00734F44 /* GJError.swift in Sources */ = {isa = PBXBuildFile; fileRef = 0A610BF52618DF2C00734F44 /* GJError.swift */; };
		0A610BFA2619A44500734F44 /* JobsState.swift in Sources */ = {isa = PBXBuildFile; fileRef = 0A610BF92619A44500734F44 /* JobsState.swift */; };
		0A610BFD2619A48400734F44 /* SectionModel.swift in Sources */ = {isa = PBXBuildFile; fileRef = 0A610BFC2619A48400734F44 /* SectionModel.swift */; };
		0A610C002619A8C400734F44 /* ScrollView+OffsetBottom.swift in Sources */ = {isa = PBXBuildFile; fileRef = 0A610BFF2619A8C400734F44 /* ScrollView+OffsetBottom.swift */; };
		0A610C0E2619D6E300734F44 /* Date+Formatted.swift in Sources */ = {isa = PBXBuildFile; fileRef = 0A610C0D2619D6E300734F44 /* Date+Formatted.swift */; };
		0A610C132619D97B00734F44 /* RxDataSources in Frameworks */ = {isa = PBXBuildFile; productRef = 0A610C122619D97B00734F44 /* RxDataSources */; };
		0A67E4F3261639130040D0FD /* Alamofire in Frameworks */ = {isa = PBXBuildFile; productRef = 0A67E4F2261639130040D0FD /* Alamofire */; };
		0A67E4F7261639F70040D0FD /* RxCocoa in Frameworks */ = {isa = PBXBuildFile; productRef = 0A67E4F6261639F70040D0FD /* RxCocoa */; };
		0A67E4F9261639F70040D0FD /* RxSwift in Frameworks */ = {isa = PBXBuildFile; productRef = 0A67E4F8261639F70040D0FD /* RxSwift */; };
		0A67E4FB261639F70040D0FD /* RxRelay in Frameworks */ = {isa = PBXBuildFile; productRef = 0A67E4FA261639F70040D0FD /* RxRelay */; };
		0A67E4FF26163A800040D0FD /* Realm in Frameworks */ = {isa = PBXBuildFile; productRef = 0A67E4FE26163A800040D0FD /* Realm */; };
		0A67E50126163A800040D0FD /* RealmSwift in Frameworks */ = {isa = PBXBuildFile; productRef = 0A67E50026163A800040D0FD /* RealmSwift */; };
		0A67E50926163CF80040D0FD /* Service.swift in Sources */ = {isa = PBXBuildFile; fileRef = 0A67E50826163CF80040D0FD /* Service.swift */; };
		0A67E51526163DF80040D0FD /* Job.swift in Sources */ = {isa = PBXBuildFile; fileRef = 0A67E51426163DF80040D0FD /* Job.swift */; };
		0AF43DFA261637D200F5286C /* AppDelegate.swift in Sources */ = {isa = PBXBuildFile; fileRef = 0AF43DF9261637D200F5286C /* AppDelegate.swift */; };
		0AF43DFE261637D200F5286C /* JobsViewController.swift in Sources */ = {isa = PBXBuildFile; fileRef = 0AF43DFD261637D200F5286C /* JobsViewController.swift */; };
		0AF43E01261637D200F5286C /* Main.storyboard in Resources */ = {isa = PBXBuildFile; fileRef = 0AF43DFF261637D200F5286C /* Main.storyboard */; };
		0AF43E03261637D400F5286C /* Assets.xcassets in Resources */ = {isa = PBXBuildFile; fileRef = 0AF43E02261637D400F5286C /* Assets.xcassets */; };
		0AF43E06261637D400F5286C /* LaunchScreen.storyboard in Resources */ = {isa = PBXBuildFile; fileRef = 0AF43E04261637D400F5286C /* LaunchScreen.storyboard */; };
/* End PBXBuildFile section */

/* Begin PBXFileReference section */
		0A06A0FE261780200027DEBE /* JobsPresenter.swift */ = {isa = PBXFileReference; lastKnownFileType = sourcecode.swift; path = JobsPresenter.swift; sourceTree = "<group>"; };
		0A06A1082617A55E0027DEBE /* JobCell.swift */ = {isa = PBXFileReference; lastKnownFileType = sourcecode.swift; path = JobCell.swift; sourceTree = "<group>"; };
		0A06A11E2617ACC60027DEBE /* RxViewController.swift */ = {isa = PBXFileReference; lastKnownFileType = sourcecode.swift; path = RxViewController.swift; sourceTree = "<group>"; };
		0A06A1222617B7FE0027DEBE /* RxBase.swift */ = {isa = PBXFileReference; lastKnownFileType = sourcecode.swift; path = RxBase.swift; sourceTree = "<group>"; };
		0A06A1262618410B0027DEBE /* DataBase.swift */ = {isa = PBXFileReference; lastKnownFileType = sourcecode.swift; path = DataBase.swift; sourceTree = "<group>"; };
		0A06A1302618481A0027DEBE /* Assembly.swift */ = {isa = PBXFileReference; lastKnownFileType = sourcecode.swift; path = Assembly.swift; sourceTree = "<group>"; };
		0A06A1352618509E0027DEBE /* JobCellPresenter.swift */ = {isa = PBXFileReference; lastKnownFileType = sourcecode.swift; path = JobCellPresenter.swift; sourceTree = "<group>"; };
		0A06A13926186AF50027DEBE /* String+HTMLClean.swift */ = {isa = PBXFileReference; lastKnownFileType = sourcecode.swift; path = "String+HTMLClean.swift"; sourceTree = "<group>"; };
		0A06A13E26186C760027DEBE /* JobDetailsViewController.swift */ = {isa = PBXFileReference; lastKnownFileType = sourcecode.swift; path = JobDetailsViewController.swift; sourceTree = "<group>"; };
		0A06A14326186D6D0027DEBE /* JobDetailsPresenter.swift */ = {isa = PBXFileReference; lastKnownFileType = sourcecode.swift; path = JobDetailsPresenter.swift; sourceTree = "<group>"; };
		0A610BF52618DF2C00734F44 /* GJError.swift */ = {isa = PBXFileReference; lastKnownFileType = sourcecode.swift; path = GJError.swift; sourceTree = "<group>"; };
		0A610BF92619A44500734F44 /* JobsState.swift */ = {isa = PBXFileReference; lastKnownFileType = sourcecode.swift; path = JobsState.swift; sourceTree = "<group>"; };
		0A610BFC2619A48400734F44 /* SectionModel.swift */ = {isa = PBXFileReference; lastKnownFileType = sourcecode.swift; path = SectionModel.swift; sourceTree = "<group>"; };
		0A610BFF2619A8C400734F44 /* ScrollView+OffsetBottom.swift */ = {isa = PBXFileReference; lastKnownFileType = sourcecode.swift; path = "ScrollView+OffsetBottom.swift"; sourceTree = "<group>"; };
		0A610C0D2619D6E300734F44 /* Date+Formatted.swift */ = {isa = PBXFileReference; lastKnownFileType = sourcecode.swift; path = "Date+Formatted.swift"; sourceTree = "<group>"; };
		0A67E50826163CF80040D0FD /* Service.swift */ = {isa = PBXFileReference; lastKnownFileType = sourcecode.swift; path = Service.swift; sourceTree = "<group>"; };
		0A67E51426163DF80040D0FD /* Job.swift */ = {isa = PBXFileReference; lastKnownFileType = sourcecode.swift; path = Job.swift; sourceTree = "<group>"; };
		0AF43DF6261637D200F5286C /* GitJobs.app */ = {isa = PBXFileReference; explicitFileType = wrapper.application; includeInIndex = 0; path = GitJobs.app; sourceTree = BUILT_PRODUCTS_DIR; };
		0AF43DF9261637D200F5286C /* AppDelegate.swift */ = {isa = PBXFileReference; lastKnownFileType = sourcecode.swift; path = AppDelegate.swift; sourceTree = "<group>"; };
		0AF43DFD261637D200F5286C /* JobsViewController.swift */ = {isa = PBXFileReference; lastKnownFileType = sourcecode.swift; path = JobsViewController.swift; sourceTree = "<group>"; };
		0AF43E00261637D200F5286C /* Base */ = {isa = PBXFileReference; lastKnownFileType = file.storyboard; name = Base; path = Base.lproj/Main.storyboard; sourceTree = "<group>"; };
		0AF43E02261637D400F5286C /* Assets.xcassets */ = {isa = PBXFileReference; lastKnownFileType = folder.assetcatalog; path = Assets.xcassets; sourceTree = "<group>"; };
		0AF43E05261637D400F5286C /* Base */ = {isa = PBXFileReference; lastKnownFileType = file.storyboard; name = Base; path = Base.lproj/LaunchScreen.storyboard; sourceTree = "<group>"; };
		0AF43E07261637D400F5286C /* Info.plist */ = {isa = PBXFileReference; lastKnownFileType = text.plist.xml; path = Info.plist; sourceTree = "<group>"; };
/* End PBXFileReference section */

/* Begin PBXFrameworksBuildPhase section */
		0AF43DF3261637D200F5286C /* Frameworks */ = {
			isa = PBXFrameworksBuildPhase;
			buildActionMask = 2147483647;
			files = (
				0A67E50126163A800040D0FD /* RealmSwift in Frameworks */,
				0A06A07226164A690027DEBE /* ObjectMapper in Frameworks */,
				0A67E4F9261639F70040D0FD /* RxSwift in Frameworks */,
				0A67E4F7261639F70040D0FD /* RxCocoa in Frameworks */,
				0A67E4FB261639F70040D0FD /* RxRelay in Frameworks */,
				0A610C132619D97B00734F44 /* RxDataSources in Frameworks */,
				0A67E4F3261639130040D0FD /* Alamofire in Frameworks */,
				0A67E4FF26163A800040D0FD /* Realm in Frameworks */,
			);
			runOnlyForDeploymentPostprocessing = 0;
		};
/* End PBXFrameworksBuildPhase section */

/* Begin PBXGroup section */
		0A06A0942616DEA70027DEBE /* modules */ = {
			isa = PBXGroup;
			children = (
				0A06A11D2617ACB40027DEBE /* base */,
				0A06A0952616DEB20027DEBE /* jobs */,
				0A06A0962616DED40027DEBE /* jodDetails */,
			);
			path = modules;
			sourceTree = "<group>";
		};
		0A06A0952616DEB20027DEBE /* jobs */ = {
			isa = PBXGroup;
			children = (
				0AF43DFD261637D200F5286C /* JobsViewController.swift */,
				0A06A0FE261780200027DEBE /* JobsPresenter.swift */,
				0A610BF92619A44500734F44 /* JobsState.swift */,
				0A610BFC2619A48400734F44 /* SectionModel.swift */,
				0A06A10B2617A66F0027DEBE /* cell */,
			);
			path = jobs;
			sourceTree = "<group>";
		};
		0A06A0962616DED40027DEBE /* jodDetails */ = {
			isa = PBXGroup;
			children = (
				0A06A13E26186C760027DEBE /* JobDetailsViewController.swift */,
				0A06A14326186D6D0027DEBE /* JobDetailsPresenter.swift */,
			);
			path = jodDetails;
			sourceTree = "<group>";
		};
		0A06A10B2617A66F0027DEBE /* cell */ = {
			isa = PBXGroup;
			children = (
				0A06A1082617A55E0027DEBE /* JobCell.swift */,
				0A06A1352618509E0027DEBE /* JobCellPresenter.swift */,
			);
			path = cell;
			sourceTree = "<group>";
		};
		0A06A11D2617ACB40027DEBE /* base */ = {
			isa = PBXGroup;
			children = (
				0A06A11E2617ACC60027DEBE /* RxViewController.swift */,
				0A06A1222617B7FE0027DEBE /* RxBase.swift */,
			);
			path = base;
			sourceTree = "<group>";
		};
		0A06A13826186ACA0027DEBE /* extensions */ = {
			isa = PBXGroup;
			children = (
				0A06A13926186AF50027DEBE /* String+HTMLClean.swift */,
				0A610BFF2619A8C400734F44 /* ScrollView+OffsetBottom.swift */,
				0A610C0D2619D6E300734F44 /* Date+Formatted.swift */,
			);
			path = extensions;
			sourceTree = "<group>";
		};
		0A67E50626163C4E0040D0FD /* model */ = {
			isa = PBXGroup;
			children = (
				0A610BF52618DF2C00734F44 /* GJError.swift */,
				0A06A1262618410B0027DEBE /* DataBase.swift */,
				0A67E50826163CF80040D0FD /* Service.swift */,
				0A67E51426163DF80040D0FD /* Job.swift */,
			);
			path = model;
			sourceTree = "<group>";
		};
		0AF43DED261637D200F5286C = {
			isa = PBXGroup;
			children = (
				0AF43DF8261637D200F5286C /* GitJobs */,
				0AF43DF7261637D200F5286C /* Products */,
			);
			sourceTree = "<group>";
		};
		0AF43DF7261637D200F5286C /* Products */ = {
			isa = PBXGroup;
			children = (
				0AF43DF6261637D200F5286C /* GitJobs.app */,
			);
			name = Products;
			sourceTree = "<group>";
		};
		0AF43DF8261637D200F5286C /* GitJobs */ = {
			isa = PBXGroup;
			children = (
				0AF43DF9261637D200F5286C /* AppDelegate.swift */,
				0A06A1302618481A0027DEBE /* Assembly.swift */,
				0A06A13826186ACA0027DEBE /* extensions */,
				0A06A0942616DEA70027DEBE /* modules */,
				0A67E50626163C4E0040D0FD /* model */,
				0AF43DFF261637D200F5286C /* Main.storyboard */,
				0AF43E02261637D400F5286C /* Assets.xcassets */,
				0AF43E04261637D400F5286C /* LaunchScreen.storyboard */,
				0AF43E07261637D400F5286C /* Info.plist */,
			);
			path = GitJobs;
			sourceTree = "<group>";
		};
/* End PBXGroup section */

/* Begin PBXNativeTarget section */
		0AF43DF5261637D200F5286C /* GitJobs */ = {
			isa = PBXNativeTarget;
			buildConfigurationList = 0AF43E0A261637D400F5286C /* Build configuration list for PBXNativeTarget "GitJobs" */;
			buildPhases = (
				0AF43DF2261637D200F5286C /* Sources */,
				0AF43DF3261637D200F5286C /* Frameworks */,
				0AF43DF4261637D200F5286C /* Resources */,
			);
			buildRules = (
			);
			dependencies = (
			);
			name = GitJobs;
			packageProductDependencies = (
				0A67E4F2261639130040D0FD /* Alamofire */,
				0A67E4F6261639F70040D0FD /* RxCocoa */,
				0A67E4F8261639F70040D0FD /* RxSwift */,
				0A67E4FA261639F70040D0FD /* RxRelay */,
				0A67E4FE26163A800040D0FD /* Realm */,
				0A67E50026163A800040D0FD /* RealmSwift */,
				0A06A07126164A690027DEBE /* ObjectMapper */,
				0A610C122619D97B00734F44 /* RxDataSources */,
			);
			productName = GitJobs;
			productReference = 0AF43DF6261637D200F5286C /* GitJobs.app */;
			productType = "com.apple.product-type.application";
		};
/* End PBXNativeTarget section */

/* Begin PBXProject section */
		0AF43DEE261637D200F5286C /* Project object */ = {
			isa = PBXProject;
			attributes = {
				LastSwiftUpdateCheck = 1240;
				LastUpgradeCheck = 1240;
				TargetAttributes = {
					0AF43DF5261637D200F5286C = {
						CreatedOnToolsVersion = 12.4;
					};
				};
			};
			buildConfigurationList = 0AF43DF1261637D200F5286C /* Build configuration list for PBXProject "GitJobs" */;
			compatibilityVersion = "Xcode 9.3";
			developmentRegion = en;
			hasScannedForEncodings = 0;
			knownRegions = (
				en,
				Base,
			);
			mainGroup = 0AF43DED261637D200F5286C;
			packageReferences = (
				0A67E4F1261639130040D0FD /* XCRemoteSwiftPackageReference "Alamofire" */,
				0A67E4F5261639F70040D0FD /* XCRemoteSwiftPackageReference "RxSwift" */,
				0A67E4FD26163A800040D0FD /* XCRemoteSwiftPackageReference "realm-cocoa" */,
				0A06A07026164A690027DEBE /* XCRemoteSwiftPackageReference "ObjectMapper" */,
				0A610C112619D97B00734F44 /* XCRemoteSwiftPackageReference "RxDataSources" */,
			);
			productRefGroup = 0AF43DF7261637D200F5286C /* Products */;
			projectDirPath = "";
			projectRoot = "";
			targets = (
				0AF43DF5261637D200F5286C /* GitJobs */,
			);
		};
/* End PBXProject section */

/* Begin PBXResourcesBuildPhase section */
		0AF43DF4261637D200F5286C /* Resources */ = {
			isa = PBXResourcesBuildPhase;
			buildActionMask = 2147483647;
			files = (
				0AF43E06261637D400F5286C /* LaunchScreen.storyboard in Resources */,
				0AF43E03261637D400F5286C /* Assets.xcassets in Resources */,
				0AF43E01261637D200F5286C /* Main.storyboard in Resources */,
			);
			runOnlyForDeploymentPostprocessing = 0;
		};
/* End PBXResourcesBuildPhase section */

/* Begin PBXSourcesBuildPhase section */
		0AF43DF2261637D200F5286C /* Sources */ = {
			isa = PBXSourcesBuildPhase;
			buildActionMask = 2147483647;
			files = (
				0A610BFD2619A48400734F44 /* SectionModel.swift in Sources */,
				0A06A0FF261780200027DEBE /* JobsPresenter.swift in Sources */,
				0A06A11F2617ACC60027DEBE /* RxViewController.swift in Sources */,
				0A610BF62618DF2C00734F44 /* GJError.swift in Sources */,
				0A06A1092617A55E0027DEBE /* JobCell.swift in Sources */,
				0AF43DFE261637D200F5286C /* JobsViewController.swift in Sources */,
				0A06A1272618410B0027DEBE /* DataBase.swift in Sources */,
				0A06A1362618509E0027DEBE /* JobCellPresenter.swift in Sources */,
				0A06A1232617B7FE0027DEBE /* RxBase.swift in Sources */,
				0A610C0E2619D6E300734F44 /* Date+Formatted.swift in Sources */,
				0A06A14426186D6D0027DEBE /* JobDetailsPresenter.swift in Sources */,
				0A610BFA2619A44500734F44 /* JobsState.swift in Sources */,
				0A06A13A26186AF50027DEBE /* String+HTMLClean.swift in Sources */,
				0AF43DFA261637D200F5286C /* AppDelegate.swift in Sources */,
				0A06A13F26186C760027DEBE /* JobDetailsViewController.swift in Sources */,
				0A67E50926163CF80040D0FD /* Service.swift in Sources */,
				0A610C002619A8C400734F44 /* ScrollView+OffsetBottom.swift in Sources */,
				0A06A1312618481A0027DEBE /* Assembly.swift in Sources */,
				0A67E51526163DF80040D0FD /* Job.swift in Sources */,
			);
			runOnlyForDeploymentPostprocessing = 0;
		};
/* End PBXSourcesBuildPhase section */

/* Begin PBXVariantGroup section */
		0AF43DFF261637D200F5286C /* Main.storyboard */ = {
			isa = PBXVariantGroup;
			children = (
				0AF43E00261637D200F5286C /* Base */,
			);
			name = Main.storyboard;
			sourceTree = "<group>";
		};
		0AF43E04261637D400F5286C /* LaunchScreen.storyboard */ = {
			isa = PBXVariantGroup;
			children = (
				0AF43E05261637D400F5286C /* Base */,
			);
			name = LaunchScreen.storyboard;
			sourceTree = "<group>";
		};
/* End PBXVariantGroup section */

/* Begin XCBuildConfiguration section */
		0AF43E08261637D400F5286C /* Debug */ = {
			isa = XCBuildConfiguration;
			buildSettings = {
				ALWAYS_SEARCH_USER_PATHS = NO;
				CLANG_ANALYZER_NONNULL = YES;
				CLANG_ANALYZER_NUMBER_OBJECT_CONVERSION = YES_AGGRESSIVE;
				CLANG_CXX_LANGUAGE_STANDARD = "gnu++14";
				CLANG_CXX_LIBRARY = "libc++";
				CLANG_ENABLE_MODULES = YES;
				CLANG_ENABLE_OBJC_ARC = YES;
				CLANG_ENABLE_OBJC_WEAK = YES;
				CLANG_WARN_BLOCK_CAPTURE_AUTORELEASING = YES;
				CLANG_WARN_BOOL_CONVERSION = YES;
				CLANG_WARN_COMMA = YES;
				CLANG_WARN_CONSTANT_CONVERSION = YES;
				CLANG_WARN_DEPRECATED_OBJC_IMPLEMENTATIONS = YES;
				CLANG_WARN_DIRECT_OBJC_ISA_USAGE = YES_ERROR;
				CLANG_WARN_DOCUMENTATION_COMMENTS = YES;
				CLANG_WARN_EMPTY_BODY = YES;
				CLANG_WARN_ENUM_CONVERSION = YES;
				CLANG_WARN_INFINITE_RECURSION = YES;
				CLANG_WARN_INT_CONVERSION = YES;
				CLANG_WARN_NON_LITERAL_NULL_CONVERSION = YES;
				CLANG_WARN_OBJC_IMPLICIT_RETAIN_SELF = YES;
				CLANG_WARN_OBJC_LITERAL_CONVERSION = YES;
				CLANG_WARN_OBJC_ROOT_CLASS = YES_ERROR;
				CLANG_WARN_QUOTED_INCLUDE_IN_FRAMEWORK_HEADER = YES;
				CLANG_WARN_RANGE_LOOP_ANALYSIS = YES;
				CLANG_WARN_STRICT_PROTOTYPES = YES;
				CLANG_WARN_SUSPICIOUS_MOVE = YES;
				CLANG_WARN_UNGUARDED_AVAILABILITY = YES_AGGRESSIVE;
				CLANG_WARN_UNREACHABLE_CODE = YES;
				CLANG_WARN__DUPLICATE_METHOD_MATCH = YES;
				COPY_PHASE_STRIP = NO;
				DEBUG_INFORMATION_FORMAT = dwarf;
				ENABLE_STRICT_OBJC_MSGSEND = YES;
				ENABLE_TESTABILITY = YES;
				GCC_C_LANGUAGE_STANDARD = gnu11;
				GCC_DYNAMIC_NO_PIC = NO;
				GCC_NO_COMMON_BLOCKS = YES;
				GCC_OPTIMIZATION_LEVEL = 0;
				GCC_PREPROCESSOR_DEFINITIONS = (
					"DEBUG=1",
					"$(inherited)",
				);
				GCC_WARN_64_TO_32_BIT_CONVERSION = YES;
				GCC_WARN_ABOUT_RETURN_TYPE = YES_ERROR;
				GCC_WARN_UNDECLARED_SELECTOR = YES;
				GCC_WARN_UNINITIALIZED_AUTOS = YES_AGGRESSIVE;
				GCC_WARN_UNUSED_FUNCTION = YES;
				GCC_WARN_UNUSED_VARIABLE = YES;
				IPHONEOS_DEPLOYMENT_TARGET = 14.4;
				MTL_ENABLE_DEBUG_INFO = INCLUDE_SOURCE;
				MTL_FAST_MATH = YES;
				ONLY_ACTIVE_ARCH = YES;
				SDKROOT = iphoneos;
				SWIFT_ACTIVE_COMPILATION_CONDITIONS = DEBUG;
				SWIFT_OPTIMIZATION_LEVEL = "-Onone";
			};
			name = Debug;
		};
		0AF43E09261637D400F5286C /* Release */ = {
			isa = XCBuildConfiguration;
			buildSettings = {
				ALWAYS_SEARCH_USER_PATHS = NO;
				CLANG_ANALYZER_NONNULL = YES;
				CLANG_ANALYZER_NUMBER_OBJECT_CONVERSION = YES_AGGRESSIVE;
				CLANG_CXX_LANGUAGE_STANDARD = "gnu++14";
				CLANG_CXX_LIBRARY = "libc++";
				CLANG_ENABLE_MODULES = YES;
				CLANG_ENABLE_OBJC_ARC = YES;
				CLANG_ENABLE_OBJC_WEAK = YES;
				CLANG_WARN_BLOCK_CAPTURE_AUTORELEASING = YES;
				CLANG_WARN_BOOL_CONVERSION = YES;
				CLANG_WARN_COMMA = YES;
				CLANG_WARN_CONSTANT_CONVERSION = YES;
				CLANG_WARN_DEPRECATED_OBJC_IMPLEMENTATIONS = YES;
				CLANG_WARN_DIRECT_OBJC_ISA_USAGE = YES_ERROR;
				CLANG_WARN_DOCUMENTATION_COMMENTS = YES;
				CLANG_WARN_EMPTY_BODY = YES;
				CLANG_WARN_ENUM_CONVERSION = YES;
				CLANG_WARN_INFINITE_RECURSION = YES;
				CLANG_WARN_INT_CONVERSION = YES;
				CLANG_WARN_NON_LITERAL_NULL_CONVERSION = YES;
				CLANG_WARN_OBJC_IMPLICIT_RETAIN_SELF = YES;
				CLANG_WARN_OBJC_LITERAL_CONVERSION = YES;
				CLANG_WARN_OBJC_ROOT_CLASS = YES_ERROR;
				CLANG_WARN_QUOTED_INCLUDE_IN_FRAMEWORK_HEADER = YES;
				CLANG_WARN_RANGE_LOOP_ANALYSIS = YES;
				CLANG_WARN_STRICT_PROTOTYPES = YES;
				CLANG_WARN_SUSPICIOUS_MOVE = YES;
				CLANG_WARN_UNGUARDED_AVAILABILITY = YES_AGGRESSIVE;
				CLANG_WARN_UNREACHABLE_CODE = YES;
				CLANG_WARN__DUPLICATE_METHOD_MATCH = YES;
				COPY_PHASE_STRIP = NO;
				DEBUG_INFORMATION_FORMAT = "dwarf-with-dsym";
				ENABLE_NS_ASSERTIONS = NO;
				ENABLE_STRICT_OBJC_MSGSEND = YES;
				GCC_C_LANGUAGE_STANDARD = gnu11;
				GCC_NO_COMMON_BLOCKS = YES;
				GCC_WARN_64_TO_32_BIT_CONVERSION = YES;
				GCC_WARN_ABOUT_RETURN_TYPE = YES_ERROR;
				GCC_WARN_UNDECLARED_SELECTOR = YES;
				GCC_WARN_UNINITIALIZED_AUTOS = YES_AGGRESSIVE;
				GCC_WARN_UNUSED_FUNCTION = YES;
				GCC_WARN_UNUSED_VARIABLE = YES;
				IPHONEOS_DEPLOYMENT_TARGET = 14.4;
				MTL_ENABLE_DEBUG_INFO = NO;
				MTL_FAST_MATH = YES;
				SDKROOT = iphoneos;
				SWIFT_COMPILATION_MODE = wholemodule;
				SWIFT_OPTIMIZATION_LEVEL = "-O";
				VALIDATE_PRODUCT = YES;
			};
			name = Release;
		};
		0AF43E0B261637D400F5286C /* Debug */ = {
			isa = XCBuildConfiguration;
			buildSettings = {
				ASSETCATALOG_COMPILER_APPICON_NAME = AppIcon;
				ASSETCATALOG_COMPILER_GLOBAL_ACCENT_COLOR_NAME = AccentColor;
				CODE_SIGN_STYLE = Manual;
				DEVELOPMENT_TEAM = "";
				INFOPLIST_FILE = GitJobs/Info.plist;
				IPHONEOS_DEPLOYMENT_TARGET = 12.0;
				LD_RUNPATH_SEARCH_PATHS = (
					"$(inherited)",
					"@executable_path/Frameworks",
				);
				PRODUCT_BUNDLE_IDENTIFIER = com.gitjobstest.GitJobs;
				PRODUCT_NAME = "$(TARGET_NAME)";
				PROVISIONING_PROFILE_SPECIFIER = "";
				SWIFT_VERSION = 5.0;
				TARGETED_DEVICE_FAMILY = "1,2";
			};
			name = Debug;
		};
		0AF43E0C261637D400F5286C /* Release */ = {
			isa = XCBuildConfiguration;
			buildSettings = {
				ASSETCATALOG_COMPILER_APPICON_NAME = AppIcon;
				ASSETCATALOG_COMPILER_GLOBAL_ACCENT_COLOR_NAME = AccentColor;
				CODE_SIGN_STYLE = Manual;
				DEVELOPMENT_TEAM = "";
				INFOPLIST_FILE = GitJobs/Info.plist;
				IPHONEOS_DEPLOYMENT_TARGET = 12.0;
				LD_RUNPATH_SEARCH_PATHS = (
					"$(inherited)",
					"@executable_path/Frameworks",
				);
				PRODUCT_BUNDLE_IDENTIFIER = com.gitjobstest.GitJobs;
				PRODUCT_NAME = "$(TARGET_NAME)";
				PROVISIONING_PROFILE_SPECIFIER = "";
				SWIFT_VERSION = 5.0;
				TARGETED_DEVICE_FAMILY = "1,2";
			};
			name = Release;
		};
/* End XCBuildConfiguration section */

/* Begin XCConfigurationList section */
		0AF43DF1261637D200F5286C /* Build configuration list for PBXProject "GitJobs" */ = {
			isa = XCConfigurationList;
			buildConfigurations = (
				0AF43E08261637D400F5286C /* Debug */,
				0AF43E09261637D400F5286C /* Release */,
			);
			defaultConfigurationIsVisible = 0;
			defaultConfigurationName = Release;
		};
		0AF43E0A261637D400F5286C /* Build configuration list for PBXNativeTarget "GitJobs" */ = {
			isa = XCConfigurationList;
			buildConfigurations = (
				0AF43E0B261637D400F5286C /* Debug */,
				0AF43E0C261637D400F5286C /* Release */,
			);
			defaultConfigurationIsVisible = 0;
			defaultConfigurationName = Release;
		};
/* End XCConfigurationList section */

/* Begin XCRemoteSwiftPackageReference section */
		0A06A07026164A690027DEBE /* XCRemoteSwiftPackageReference "ObjectMapper" */ = {
			isa = XCRemoteSwiftPackageReference;
			repositoryURL = "https://github.com/tristanhimmelman/ObjectMapper";
			requirement = {
				kind = upToNextMajorVersion;
				minimumVersion = 4.2.0;
			};
		};
		0A610C112619D97B00734F44 /* XCRemoteSwiftPackageReference "RxDataSources" */ = {
			isa = XCRemoteSwiftPackageReference;
			repositoryURL = "https://github.com/RxSwiftCommunity/RxDataSources";
			requirement = {
				kind = upToNextMajorVersion;
				minimumVersion = 5.0.1;
			};
		};
		0A67E4F1261639130040D0FD /* XCRemoteSwiftPackageReference "Alamofire" */ = {
			isa = XCRemoteSwiftPackageReference;
			repositoryURL = "https://github.com/Alamofire/Alamofire";
			requirement = {
				kind = upToNextMajorVersion;
				minimumVersion = 5.4.1;
			};
		};
		0A67E4F5261639F70040D0FD /* XCRemoteSwiftPackageReference "RxSwift" */ = {
			isa = XCRemoteSwiftPackageReference;
			repositoryURL = "https://github.com/ReactiveX/RxSwift";
			requirement = {
				kind = upToNextMajorVersion;
				minimumVersion = 6.1.0;
			};
		};
		0A67E4FD26163A800040D0FD /* XCRemoteSwiftPackageReference "realm-cocoa" */ = {
			isa = XCRemoteSwiftPackageReference;
			repositoryURL = "https://github.com/realm/realm-cocoa";
			requirement = {
				kind = upToNextMajorVersion;
				minimumVersion = 10.7.2;
			};
		};
/* End XCRemoteSwiftPackageReference section */

/* Begin XCSwiftPackageProductDependency section */
		0A06A07126164A690027DEBE /* ObjectMapper */ = {
			isa = XCSwiftPackageProductDependency;
			package = 0A06A07026164A690027DEBE /* XCRemoteSwiftPackageReference "ObjectMapper" */;
			productName = ObjectMapper;
		};
		0A610C122619D97B00734F44 /* RxDataSources */ = {
			isa = XCSwiftPackageProductDependency;
			package = 0A610C112619D97B00734F44 /* XCRemoteSwiftPackageReference "RxDataSources" */;
			productName = RxDataSources;
		};
		0A67E4F2261639130040D0FD /* Alamofire */ = {
			isa = XCSwiftPackageProductDependency;
			package = 0A67E4F1261639130040D0FD /* XCRemoteSwiftPackageReference "Alamofire" */;
			productName = Alamofire;
		};
		0A67E4F6261639F70040D0FD /* RxCocoa */ = {
			isa = XCSwiftPackageProductDependency;
			package = 0A67E4F5261639F70040D0FD /* XCRemoteSwiftPackageReference "RxSwift" */;
			productName = RxCocoa;
		};
		0A67E4F8261639F70040D0FD /* RxSwift */ = {
			isa = XCSwiftPackageProductDependency;
			package = 0A67E4F5261639F70040D0FD /* XCRemoteSwiftPackageReference "RxSwift" */;
			productName = RxSwift;
		};
		0A67E4FA261639F70040D0FD /* RxRelay */ = {
			isa = XCSwiftPackageProductDependency;
			package = 0A67E4F5261639F70040D0FD /* XCRemoteSwiftPackageReference "RxSwift" */;
			productName = RxRelay;
		};
		0A67E4FE26163A800040D0FD /* Realm */ = {
			isa = XCSwiftPackageProductDependency;
			package = 0A67E4FD26163A800040D0FD /* XCRemoteSwiftPackageReference "realm-cocoa" */;
			productName = Realm;
		};
		0A67E50026163A800040D0FD /* RealmSwift */ = {
			isa = XCSwiftPackageProductDependency;
			package = 0A67E4FD26163A800040D0FD /* XCRemoteSwiftPackageReference "realm-cocoa" */;
			productName = RealmSwift;
		};
/* End XCSwiftPackageProductDependency section */
	};
	rootObject = 0AF43DEE261637D200F5286C /* Project object */;
}
